<?xml version="1.0" encoding="utf-8"?>
<Project ToolsVersion="4.0" xmlns="http://schemas.microsoft.com/developer/msbuild/2003">
  <ItemGroup>
    <Filter Include="Source Files">
      <UniqueIdentifier>{4FC737F1-C7A5-4376-A066-2A32D752A2FF}</UniqueIdentifier>
      <Extensions>cpp;cxx;c;def</Extensions>
    </Filter>
    <Filter Include="Header Files">
      <UniqueIdentifier>{93995380-89BD-4b04-88EB-625FBE52EBFB}</UniqueIdentifier>
      <Extensions>h</Extensions>
    </Filter>
    <Filter Include="Form Files">
      <UniqueIdentifier>{99349809-55BA-4b9d-BF79-8FDBB0286EB3}</UniqueIdentifier>
      <Extensions>ui</Extensions>
    </Filter>
    <Filter Include="Resource Files">
      <UniqueIdentifier>{D9D6E242-F8AF-46E4-B9FD-80ECBC20BA3E}</UniqueIdentifier>
      <Extensions>qrc;*</Extensions>
      <ParseFiles>false</ParseFiles>
    </Filter>
    <Filter Include="Generated Files">
      <UniqueIdentifier>{71ED8ED8-ACB9-4CE9-BBE1-E00B30144E11}</UniqueIdentifier>
      <Extensions>moc;h;cpp</Extensions>
      <SourceControlFiles>False</SourceControlFiles>
    </Filter>
    <Filter Include="Generated Files\Debug">
      <UniqueIdentifier>{8e399649-9641-4627-869f-e7c676c29d09}</UniqueIdentifier>
      <Extensions>cpp;moc</Extensions>
      <SourceControlFiles>False</SourceControlFiles>
    </Filter>
    <Filter Include="Generated Files\Release">
      <UniqueIdentifier>{fdd39341-af7c-408c-bf00-f6dea3dcfe81}</UniqueIdentifier>
      <Extensions>cpp;moc</Extensions>
      <SourceControlFiles>False</SourceControlFiles>
    </Filter>
    <Filter Include="Other Files">
      <UniqueIdentifier>{35d6e92a-b7dd-473e-87ff-babd64094082}</UniqueIdentifier>
    </Filter>
  </ItemGroup>
  <ItemGroup>
    <ClCompile Include="dllmain.cpp">
      <Filter>Source Files</Filter>
    </ClCompile>
    <ClCompile Include="GeneratedFiles\Debug\moc_networkcommonrequest.cpp">
      <Filter>Generated Files\Debug</Filter>
    </ClCompile>
    <ClCompile Include="GeneratedFiles\Release\moc_networkcommonrequest.cpp">
      <Filter>Generated Files\Release</Filter>
    </ClCompile>
    <ClCompile Include="GeneratedFiles\Debug\moc_networkdownloadrequest.cpp">
      <Filter>Generated Files\Debug</Filter>
    </ClCompile>
    <ClCompile Include="GeneratedFiles\Release\moc_networkdownloadrequest.cpp">
      <Filter>Generated Files\Release</Filter>
    </ClCompile>
    <ClCompile Include="GeneratedFiles\Debug\moc_networkrequest.cpp">
      <Filter>Generated Files\Debug</Filter>
    </ClCompile>
    <ClCompile Include="GeneratedFiles\Release\moc_networkrequest.cpp">
      <Filter>Generated Files\Release</Filter>
    </ClCompile>
    <ClCompile Include="GeneratedFiles\Debug\moc_networkuploadrequest.cpp">
      <Filter>Generated Files\Debug</Filter>
    </ClCompile>
    <ClCompile Include="GeneratedFiles\Release\moc_networkuploadrequest.cpp">
      <Filter>Generated Files\Release</Filter>
    </ClCompile>
    <ClCompile Include="GeneratedFiles\Debug\moc_networkmtdownloadrequest.cpp">
      <Filter>Generated Files\Debug</Filter>
    </ClCompile>
    <ClCompile Include="GeneratedFiles\Release\moc_networkmtdownloadrequest.cpp">
      <Filter>Generated Files\Release</Filter>
    </ClCompile>
    <ClCompile Include="GeneratedFiles\Debug\moc_networkrunnable.cpp">
      <Filter>Generated Files\Debug</Filter>
    </ClCompile>
    <ClCompile Include="GeneratedFiles\Release\moc_networkrunnable.cpp">
      <Filter>Generated Files\Release</Filter>
    </ClCompile>
    <ClCompile Include="networkcommonrequest.cpp">
      <Filter>Source Files</Filter>
    </ClCompile>
    <ClCompile Include="networkdownloadrequest.cpp">
      <Filter>Source Files</Filter>
    </ClCompile>
    <ClCompile Include="networkmanager.cpp">
      <Filter>Source Files</Filter>
    </ClCompile>
    <ClCompile Include="networkmtdownloadrequest.cpp">
      <Filter>Source Files</Filter>
    </ClCompile>
    <ClCompile Include="networkreply.cpp">
      <Filter>Source Files</Filter>
    </ClCompile>
    <ClCompile Include="networkrequest.cpp">
      <Filter>Source Files</Filter>
    </ClCompile>
    <ClCompile Include="networkrunnable.cpp">
      <Filter>Source Files</Filter>
    </ClCompile>
    <ClCompile Include="networkuploadrequest.cpp">
      <Filter>Source Files</Filter>
    </ClCompile>
    <ClCompile Include="GeneratedFiles\Debug\moc_networkmanager.cpp">
      <Filter>Generated Files\Debug</Filter>
    </ClCompile>
    <ClCompile Include="GeneratedFiles\Release\moc_networkmanager.cpp">
      <Filter>Generated Files\Release</Filter>
    </ClCompile>
    <ClCompile Include="GeneratedFiles\Debug\moc_networkreply.cpp">
      <Filter>Generated Files\Debug</Filter>
    </ClCompile>
    <ClCompile Include="GeneratedFiles\Release\moc_networkreply.cpp">
      <Filter>Generated Files\Release</Filter>
    </ClCompile>
    <ClCompile Include="classmemorytracer.cpp">
      <Filter>Source Files</Filter>
    </ClCompile>
    <ClCompile Include="networkutility.cpp">
      <Filter>Source Files</Filter>
    </ClCompile>
  </ItemGroup>
  <ItemGroup>
    <ClInclude Include="resource.h">
      <Filter>Header Files</Filter>
    </ClInclude>
    <ClInclude Include="inc\classmemorytracer.h">
      <Filter>Header Files</Filter>
    </ClInclude>
    <ClInclude Include="inc\Log4cplusWrapper.h">
      <Filter>Header Files</Filter>
    </ClInclude>
    <ClInclude Include="networkutility.h">
      <Filter>Header Files</Filter>
    </ClInclude>
    <ClInclude Include="inc\networkdefs.h">
      <Filter>Header Files</Filter>
    </ClInclude>
    <ClInclude Include="inc\networkglobal.h">
      <Filter>Header Files</Filter>
    </ClInclude>
    <ClInclude Include="networkevent.h">
      <Filter>Header Files</Filter>
    </ClInclude>
  </ItemGroup>
  <ItemGroup>
    <CustomBuild Include="networkcommonrequest.h">
      <Filter>Header Files</Filter>
    </CustomBuild>
    <CustomBuild Include="networkdownloadrequest.h">
      <Filter>Header Files</Filter>
    </CustomBuild>
    <CustomBuild Include="networkrequest.h">
      <Filter>Header Files</Filter>
    </CustomBuild>
    <CustomBuild Include="networkuploadrequest.h">
      <Filter>Header Files</Filter>
    </CustomBuild>
    <CustomBuild Include="networkmtdownloadrequest.h">
      <Filter>Header Files</Filter>
    </CustomBuild>
    <CustomBuild Include="networkrunnable.h">
      <Filter>Header Files</Filter>
    </CustomBuild>
    <CustomBuild Include="inc\networkmanager.h">
      <Filter>Header Files</Filter>
    </CustomBuild>
    <CustomBuild Include="inc\networkreply.h">
      <Filter>Header Files</Filter>
    </CustomBuild>
  </ItemGroup>
  <ItemGroup>
    <ResourceCompile Include="reource.rc">
      <Filter>Resource Files</Filter>
    </ResourceCompile>
  </ItemGroup>
  <ItemGroup>
    <None Include="..\Changelog">
      <Filter>Other Files</Filter>
    </None>
    <None Include="..\README.md">
      <Filter>Other Files</Filter>
    </None>
  </ItemGroup>
</Project>